
Microsoft Visual Studio Solution File, Format Version 12.00
# Visual Studio Version 16
VisualStudioVersion = 16.0.31624.102
MinimumVisualStudioVersion = 10.0.40219.1
Project("{FAE04EC0-301F-11D3-BF4B-00C04F79EFBC}") = "Carcade", "Carcade\Carcade.csproj", "{D2A65DAC-19D6-4AB3-A789-DD2821267991}"
EndProject
Global
	GlobalSection(SolutionConfigurationPlatforms) = preSolution
		Debug|Any CPU = Debug|Any CPU
		Release|Any CPU = Release|Any CPU
	EndGlobalSection
	GlobalSection(ProjectConfigurationPlatforms) = postSolution
		{D2A65DAC-19D6-4AB3-A789-DD2821267991}.Debug|Any CPU.ActiveCfg = Debug|Any CPU
		{D2A65DAC-19D6-4AB3-A789-DD2821267991}.Debug|Any CPU.Build.0 = Debug|Any CPU
		{D2A65DAC-19D6-4AB3-A789-DD2821267991}.Release|Any CPU.ActiveCfg = Release|Any CPU
		{D2A65DAC-19D6-4AB3-A789-DD2821267991}.Release|Any CPU.Build.0 = Release|Any CPU
	EndGlobalSection
	GlobalSection(SolutionProperties) = preSolution
		HideSolutionNode = FALSE
	EndGlobalSection
	GlobalSection(ExtensibilityGlobals) = postSolution
		SolutionGuid = {7A2E619B-FB5C-4682-98AE-4D8096EF73DE}
	EndGlobalSection
EndGlobal
